<?xml version="1.0" encoding="utf-8"?>
<Project xmlns="http://schemas.microsoft.com/developer/msbuild/2003">
  <ItemGroup>
    <Filter Include="Form Files">
      <UniqueIdentifier>{99349809-55BA-4b9d-BF79-8FDBB0286EB3}</UniqueIdentifier>
      <Extensions>ui</Extensions>
      <ParseFiles>false</ParseFiles>
    </Filter>
    <Filter Include="Form Files">
      <UniqueIdentifier>{99349809-55BA-4b9d-BF79-8FDBB0286EB3}</UniqueIdentifier>
      <Extensions>ui</Extensions>
      <ParseFiles>false</ParseFiles>
    </Filter>
    <Filter Include="Generated Files">
      <UniqueIdentifier>{71ED8ED8-ACB9-4CE9-BBE1-E00B30144E11}</UniqueIdentifier>
      <Extensions>cpp;c;cxx;moc;h;def;odl;idl;res;</Extensions>
    </Filter>
    <Filter Include="Generated Files">
      <UniqueIdentifier>{71ED8ED8-ACB9-4CE9-BBE1-E00B30144E11}</UniqueIdentifier>
      <Extensions>cpp;c;cxx;moc;h;def;odl;idl;res;</Extensions>
    </Filter>
    <Filter Include="Header Files">
      <UniqueIdentifier>{93995380-89BD-4b04-88EB-625FBE52EBFB}</UniqueIdentifier>
      <Extensions>h;hpp;hxx;hm;inl;inc;xsd</Extensions>
    </Filter>
    <Filter Include="Header Files">
      <UniqueIdentifier>{93995380-89BD-4b04-88EB-625FBE52EBFB}</UniqueIdentifier>
      <Extensions>h;hpp;hxx;hm;inl;inc;xsd</Extensions>
    </Filter>
    <Filter Include="Resource Files">
      <UniqueIdentifier>{D9D6E242-F8AF-46E4-B9FD-80ECBC20BA3E}</UniqueIdentifier>
      <Extensions>qrc;*</Extensions>
      <ParseFiles>false</ParseFiles>
    </Filter>
    <Filter Include="Resource Files">
      <UniqueIdentifier>{D9D6E242-F8AF-46E4-B9FD-80ECBC20BA3E}</UniqueIdentifier>
      <Extensions>qrc;*</Extensions>
      <ParseFiles>false</ParseFiles>
    </Filter>
    <Filter Include="Source Files">
      <UniqueIdentifier>{4FC737F1-C7A5-4376-A066-2A32D752A2FF}</UniqueIdentifier>
      <Extensions>cpp;c;cxx;def;odl;idl;hpj;bat;asm;asmx</Extensions>
    </Filter>
    <Filter Include="Source Files">
      <UniqueIdentifier>{4FC737F1-C7A5-4376-A066-2A32D752A2FF}</UniqueIdentifier>
      <Extensions>cpp;c;cxx;def;odl;idl;hpj;bat;asm;asmx</Extensions>
    </Filter>
  </ItemGroup>
  <ItemGroup>
    <ClCompile Include=".cpp\additionalwindow.cpp">
      <Filter>Source Files</Filter>
    </ClCompile>
    <ClCompile Include=".cpp\confirmdelete.cpp">
      <Filter>Source Files</Filter>
    </ClCompile>
    <ClCompile Include=".cpp\container.cpp">
      <Filter>Source Files</Filter>
    </ClCompile>
    <ClCompile Include=".cpp\createchoise.cpp">
      <Filter>Source Files</Filter>
    </ClCompile>
    <ClCompile Include="main.cpp">
      <Filter>Source Files</Filter>
    </ClCompile>
    <ClCompile Include=".cpp\mainwindow.cpp">
      <Filter>Source Files</Filter>
    </ClCompile>
    <ClCompile Include=".cpp\renamewindow.cpp">
      <Filter>Source Files</Filter>
    </ClCompile>
    <ClCompile Include=".cpp\searchwindow.cpp">
      <Filter>Source Files</Filter>
    </ClCompile>
    <ClCompile Include=".cpp\systemfiles.cpp">
      <Filter>Source Files</Filter>
    </ClCompile>
  </ItemGroup>
  <ItemGroup>
    <CustomBuild Include=".h\additionalwindow.h">
      <Filter>Header Files</Filter>
    </CustomBuild>
    <CustomBuild Include=".h\confirmdelete.h">
      <Filter>Header Files</Filter>
    </CustomBuild>
    <ClInclude Include=".h\container.h">
      <Filter>Header Files</Filter>
    </ClInclude>
    <CustomBuild Include=".h\createchoise.h">
      <Filter>Header Files</Filter>
    </CustomBuild>
    <ClInclude Include=".h\exception.h">
      <Filter>Header Files</Filter>
    </ClInclude>
    <CustomBuild Include=".h\mainwindow.h">
      <Filter>Header Files</Filter>
    </CustomBuild>
    <CustomBuild Include=".h\renamewindow.h">
      <Filter>Header Files</Filter>
    </CustomBuild>
    <CustomBuild Include=".h\searchwindow.h">
      <Filter>Header Files</Filter>
    </CustomBuild>
    <ClInclude Include=".h\systemfiles.h">
      <Filter>Header Files</Filter>
    </ClInclude>
  </ItemGroup>
  <ItemGroup>
    <ClCompile Include="debug\moc_additionalwindow.cpp">
      <Filter>Generated Files</Filter>
    </ClCompile>
    <ClCompile Include="release\moc_additionalwindow.cpp">
      <Filter>Generated Files</Filter>
    </ClCompile>
    <ClCompile Include="debug\moc_confirmdelete.cpp">
      <Filter>Generated Files</Filter>
    </ClCompile>
    <ClCompile Include="release\moc_confirmdelete.cpp">
      <Filter>Generated Files</Filter>
    </ClCompile>
    <ClCompile Include="debug\moc_createchoise.cpp">
      <Filter>Generated Files</Filter>
    </ClCompile>
    <ClCompile Include="release\moc_createchoise.cpp">
      <Filter>Generated Files</Filter>
    </ClCompile>
    <ClCompile Include="debug\moc_mainwindow.cpp">
      <Filter>Generated Files</Filter>
    </ClCompile>
    <ClCompile Include="release\moc_mainwindow.cpp">
      <Filter>Generated Files</Filter>
    </ClCompile>
    <CustomBuild Include="debug\moc_predefs.h.cbt">
      <Filter>Generated Files</Filter>
    </CustomBuild>
    <CustomBuild Include="release\moc_predefs.h.cbt">
      <Filter>Generated Files</Filter>
    </CustomBuild>
    <ClCompile Include="debug\moc_renamewindow.cpp">
      <Filter>Generated Files</Filter>
    </ClCompile>
    <ClCompile Include="release\moc_renamewindow.cpp">
      <Filter>Generated Files</Filter>
    </ClCompile>
    <ClCompile Include="debug\moc_searchwindow.cpp">
      <Filter>Generated Files</Filter>
    </ClCompile>
    <ClCompile Include="release\moc_searchwindow.cpp">
      <Filter>Generated Files</Filter>
    </ClCompile>
    <ClCompile Include="debug\qrc_resources.cpp">
      <Filter>Generated Files</Filter>
    </ClCompile>
    <ClCompile Include="release\qrc_resources.cpp">
      <Filter>Generated Files</Filter>
    </ClCompile>
    <ClInclude Include="ui_additionalwindow.h">
      <Filter>Generated Files</Filter>
    </ClInclude>
    <ClInclude Include="ui_confirmdelete.h">
      <Filter>Generated Files</Filter>
    </ClInclude>
    <ClInclude Include="ui_createchoise.h">
      <Filter>Generated Files</Filter>
    </ClInclude>
    <ClInclude Include="ui_mainwindow.h">
      <Filter>Generated Files</Filter>
    </ClInclude>
    <ClInclude Include="ui_renamewindow.h">
      <Filter>Generated Files</Filter>
    </ClInclude>
    <ClInclude Include="ui_searchwindow.h">
      <Filter>Generated Files</Filter>
    </ClInclude>
  </ItemGroup>
  <ItemGroup>
    <CustomBuild Include=".ui\additionalwindow.ui">
      <Filter>Form Files</Filter>
    </CustomBuild>
    <CustomBuild Include=".ui\confirmdelete.ui">
      <Filter>Form Files</Filter>
    </CustomBuild>
    <CustomBuild Include=".ui\createchoise.ui">
      <Filter>Form Files</Filter>
    </CustomBuild>
    <CustomBuild Include=".ui\mainwindow.ui">
      <Filter>Form Files</Filter>
    </CustomBuild>
    <CustomBuild Include=".ui\renamewindow.ui">
      <Filter>Form Files</Filter>
    </CustomBuild>
    <CustomBuild Include=".ui\searchwindow.ui">
      <Filter>Form Files</Filter>
    </CustomBuild>
  </ItemGroup>
  <ItemGroup>
    <None Include="resources\1827319.png">
      <Filter>Resource Files</Filter>
    </None>
    <None Include="resources\5261910.png">
      <Filter>Resource Files</Filter>
    </None>
    <None Include="resources\gratis-png-formato-de-archivo-de-documento-iconos-de-computadora-hoja-de-papel-removebg-preview.png">
      <Filter>Resource Files</Filter>
    </None>
    <None Include="resources\kisspng-computer-icons-search-icon-5b30c8ad36d571.3385379615299237572246-removebg-preview.png">
      <Filter>Resource Files</Filter>
    </None>
    <None Include="resources\png-clipart-computer-icons-file-explorer-internet-explorer-internet-explorer-blue-angle__2_-removebg-preview (1).png">
      <Filter>Resource Files</Filter>
    </None>
    <None Include="resources\png-transparent-paper-computer-icons-cut-copy-and-paste-symbol-user-interface-symbol-miscellaneous-angle-text-thumbnail-removebg-preview.png">
      <Filter>Resource Files</Filter>
    </None>
    <None Include="resources\pngegg.png">
      <Filter>Resource Files</Filter>
    </None>
    <CustomBuild Include="resources.qrc">
      <Filter>Resource Files</Filter>
    </CustomBuild>
    <None Include="resources\w256h2561390727869addfile256.png">
      <Filter>Resource Files</Filter>
    </None>
    <None Include="ClassDiagram.cd" />
  </ItemGroup>
</Project>